
Microsoft Visual Studio Solution File, Format Version 12.00
# Visual Studio Version 17
VisualStudioVersion = 17.5.33530.505
MinimumVisualStudioVersion = 10.0.40219.1
Project("{FAE04EC0-301F-11D3-BF4B-00C04F79EFBC}") = "nba_API", "nba_API.csproj", "{36629F32-5AB9-4AA9-B0DE-B7A8C2B40041}"
EndProject
Global
	GlobalSection(SolutionConfigurationPlatforms) = preSolution
		Debug|Any CPU = Debug|Any CPU
		Release|Any CPU = Release|Any CPU
	EndGlobalSection
	GlobalSection(ProjectConfigurationPlatforms) = postSolution
		{36629F32-5AB9-4AA9-B0DE-B7A8C2B40041}.Debug|Any CPU.ActiveCfg = Debug|Any CPU
		{36629F32-5AB9-4AA9-B0DE-B7A8C2B40041}.Debug|Any CPU.Build.0 = Debug|Any CPU
		{36629F32-5AB9-4AA9-B0DE-B7A8C2B40041}.Release|Any CPU.ActiveCfg = Release|Any CPU
		{36629F32-5AB9-4AA9-B0DE-B7A8C2B40041}.Release|Any CPU.Build.0 = Release|Any CPU
	EndGlobalSection
	GlobalSection(SolutionProperties) = preSolution
		HideSolutionNode = FALSE
	EndGlobalSection
	GlobalSection(ExtensibilityGlobals) = postSolution
		SolutionGuid = {06E0E99B-0ACD-453F-982C-F9950586F1F2}
	EndGlobalSection
EndGlobal
